
Microsoft Visual Studio Solution File, Format Version 12.00
# Visual Studio Version 16
VisualStudioVersion = 16.0.29215.179
MinimumVisualStudioVersion = 10.0.40219.1
Project("{FAE04EC0-301F-11D3-BF4B-00C04F79EFBC}") = "Trady.Android", "Trady\Trady.Android\Trady.Android.csproj", "{AD1D6402-5277-49F7-A26B-00435E887E51}"
EndProject
Project("{FAE04EC0-301F-11D3-BF4B-00C04F79EFBC}") = "Trady.iOS", "Trady\Trady.iOS\Trady.iOS.csproj", "{FD85E114-B031-47FC-A00B-B9B7EC52E319}"
EndProject
Project("{9A19103F-16F7-4668-BE54-9A1E7A4F7556}") = "Trady", "Trady\Trady\Trady.csproj", "{2D211BD1-8A07-4F84-8537-6FCA144C87CD}"
EndProject
Project("{FAE04EC0-301F-11D3-BF4B-00C04F79EFBC}") = "Trady.Models", "Trady.Models\Trady.Models.csproj", "{CC16E607-AC61-4E24-8C76-D082B586986F}"
EndProject
Project("{FAE04EC0-301F-11D3-BF4B-00C04F79EFBC}") = "Trady.Interface", "Trady.Interface\Trady.Interface.csproj", "{B93D98DA-2FC4-44D3-93DE-9D5D41C60816}"
EndProject
Project("{2150E333-8FDC-42A3-9474-1A3956D46DE8}") = "Common", "Common", "{A334D0BF-A2A0-42A1-BB22-86A0A85CCE84}"
EndProject
Project("{2150E333-8FDC-42A3-9474-1A3956D46DE8}") = "Repository", "Repository", "{FEEDBF2A-4E65-435F-982D-4B2F42EFCB68}"
EndProject
Project("{FAE04EC0-301F-11D3-BF4B-00C04F79EFBC}") = "Trady.SQLiteRepository", "Trady.SQLiteRepository\Trady.SQLiteRepository.csproj", "{180BE9B9-1604-4938-9196-B5169A1D2E2E}"
EndProject
Project("{9A19103F-16F7-4668-BE54-9A1E7A4F7556}") = "Trady.Test", "Trady.Test\Trady.Test.csproj", "{422ADC2F-C75D-40D1-9FF1-6EF474BBB9A1}"
EndProject
Global
	GlobalSection(SolutionConfigurationPlatforms) = preSolution
		Debug|Any CPU = Debug|Any CPU
		Debug|iPhone = Debug|iPhone
		Debug|iPhoneSimulator = Debug|iPhoneSimulator
		Release|Any CPU = Release|Any CPU
		Release|iPhone = Release|iPhone
		Release|iPhoneSimulator = Release|iPhoneSimulator
	EndGlobalSection
	GlobalSection(ProjectConfigurationPlatforms) = postSolution
		{AD1D6402-5277-49F7-A26B-00435E887E51}.Debug|Any CPU.ActiveCfg = Debug|Any CPU
		{AD1D6402-5277-49F7-A26B-00435E887E51}.Debug|Any CPU.Build.0 = Debug|Any CPU
		{AD1D6402-5277-49F7-A26B-00435E887E51}.Debug|Any CPU.Deploy.0 = Debug|Any CPU
		{AD1D6402-5277-49F7-A26B-00435E887E51}.Debug|iPhone.ActiveCfg = Debug|Any CPU
		{AD1D6402-5277-49F7-A26B-00435E887E51}.Debug|iPhone.Build.0 = Debug|Any CPU
		{AD1D6402-5277-49F7-A26B-00435E887E51}.Debug|iPhone.Deploy.0 = Debug|Any CPU
		{AD1D6402-5277-49F7-A26B-00435E887E51}.Debug|iPhoneSimulator.ActiveCfg = Debug|Any CPU
		{AD1D6402-5277-49F7-A26B-00435E887E51}.Debug|iPhoneSimulator.Build.0 = Debug|Any CPU
		{AD1D6402-5277-49F7-A26B-00435E887E51}.Debug|iPhoneSimulator.Deploy.0 = Debug|Any CPU
		{AD1D6402-5277-49F7-A26B-00435E887E51}.Release|Any CPU.ActiveCfg = Release|Any CPU
		{AD1D6402-5277-49F7-A26B-00435E887E51}.Release|Any CPU.Build.0 = Release|Any CPU
		{AD1D6402-5277-49F7-A26B-00435E887E51}.Release|Any CPU.Deploy.0 = Release|Any CPU
		{AD1D6402-5277-49F7-A26B-00435E887E51}.Release|iPhone.ActiveCfg = Release|Any CPU
		{AD1D6402-5277-49F7-A26B-00435E887E51}.Release|iPhone.Build.0 = Release|Any CPU
		{AD1D6402-5277-49F7-A26B-00435E887E51}.Release|iPhone.Deploy.0 = Release|Any CPU
		{AD1D6402-5277-49F7-A26B-00435E887E51}.Release|iPhoneSimulator.ActiveCfg = Release|Any CPU
		{AD1D6402-5277-49F7-A26B-00435E887E51}.Release|iPhoneSimulator.Build.0 = Release|Any CPU
		{AD1D6402-5277-49F7-A26B-00435E887E51}.Release|iPhoneSimulator.Deploy.0 = Release|Any CPU
		{FD85E114-B031-47FC-A00B-B9B7EC52E319}.Debug|Any CPU.ActiveCfg = Debug|iPhoneSimulator
		{FD85E114-B031-47FC-A00B-B9B7EC52E319}.Debug|Any CPU.Build.0 = Debug|iPhoneSimulator
		{FD85E114-B031-47FC-A00B-B9B7EC52E319}.Debug|Any CPU.Deploy.0 = Debug|iPhoneSimulator
		{FD85E114-B031-47FC-A00B-B9B7EC52E319}.Debug|iPhone.ActiveCfg = Debug|iPhone
		{FD85E114-B031-47FC-A00B-B9B7EC52E319}.Debug|iPhone.Build.0 = Debug|iPhone
		{FD85E114-B031-47FC-A00B-B9B7EC52E319}.Debug|iPhone.Deploy.0 = Debug|iPhone
		{FD85E114-B031-47FC-A00B-B9B7EC52E319}.Debug|iPhoneSimulator.ActiveCfg = Debug|iPhoneSimulator
		{FD85E114-B031-47FC-A00B-B9B7EC52E319}.Debug|iPhoneSimulator.Build.0 = Debug|iPhoneSimulator
		{FD85E114-B031-47FC-A00B-B9B7EC52E319}.Debug|iPhoneSimulator.Deploy.0 = Debug|iPhoneSimulator
		{FD85E114-B031-47FC-A00B-B9B7EC52E319}.Release|Any CPU.ActiveCfg = Release|iPhone
		{FD85E114-B031-47FC-A00B-B9B7EC52E319}.Release|Any CPU.Build.0 = Release|iPhone
		{FD85E114-B031-47FC-A00B-B9B7EC52E319}.Release|Any CPU.Deploy.0 = Release|iPhone
		{FD85E114-B031-47FC-A00B-B9B7EC52E319}.Release|iPhone.ActiveCfg = Release|iPhone
		{FD85E114-B031-47FC-A00B-B9B7EC52E319}.Release|iPhone.Build.0 = Release|iPhone
		{FD85E114-B031-47FC-A00B-B9B7EC52E319}.Release|iPhone.Deploy.0 = Release|iPhone
		{FD85E114-B031-47FC-A00B-B9B7EC52E319}.Release|iPhoneSimulator.ActiveCfg = Release|iPhoneSimulator
		{FD85E114-B031-47FC-A00B-B9B7EC52E319}.Release|iPhoneSimulator.Build.0 = Release|iPhoneSimulator
		{FD85E114-B031-47FC-A00B-B9B7EC52E319}.Release|iPhoneSimulator.Deploy.0 = Release|iPhoneSimulator
		{2D211BD1-8A07-4F84-8537-6FCA144C87CD}.Debug|Any CPU.ActiveCfg = Debug|Any CPU
		{2D211BD1-8A07-4F84-8537-6FCA144C87CD}.Debug|Any CPU.Build.0 = Debug|Any CPU
		{2D211BD1-8A07-4F84-8537-6FCA144C87CD}.Debug|Any CPU.Deploy.0 = Debug|Any CPU
		{2D211BD1-8A07-4F84-8537-6FCA144C87CD}.Debug|iPhone.ActiveCfg = Debug|Any CPU
		{2D211BD1-8A07-4F84-8537-6FCA144C87CD}.Debug|iPhone.Build.0 = Debug|Any CPU
		{2D211BD1-8A07-4F84-8537-6FCA144C87CD}.Debug|iPhone.Deploy.0 = Debug|Any CPU
		{2D211BD1-8A07-4F84-8537-6FCA144C87CD}.Debug|iPhoneSimulator.ActiveCfg = Debug|Any CPU
		{2D211BD1-8A07-4F84-8537-6FCA144C87CD}.Debug|iPhoneSimulator.Build.0 = Debug|Any CPU
		{2D211BD1-8A07-4F84-8537-6FCA144C87CD}.Debug|iPhoneSimulator.Deploy.0 = Debug|Any CPU
		{2D211BD1-8A07-4F84-8537-6FCA144C87CD}.Release|Any CPU.ActiveCfg = Release|Any CPU
		{2D211BD1-8A07-4F84-8537-6FCA144C87CD}.Release|Any CPU.Build.0 = Release|Any CPU
		{2D211BD1-8A07-4F84-8537-6FCA144C87CD}.Release|Any CPU.Deploy.0 = Release|Any CPU
		{2D211BD1-8A07-4F84-8537-6FCA144C87CD}.Release|iPhone.ActiveCfg = Release|Any CPU
		{2D211BD1-8A07-4F84-8537-6FCA144C87CD}.Release|iPhone.Build.0 = Release|Any CPU
		{2D211BD1-8A07-4F84-8537-6FCA144C87CD}.Release|iPhone.Deploy.0 = Release|Any CPU
		{2D211BD1-8A07-4F84-8537-6FCA144C87CD}.Release|iPhoneSimulator.ActiveCfg = Release|Any CPU
		{2D211BD1-8A07-4F84-8537-6FCA144C87CD}.Release|iPhoneSimulator.Build.0 = Release|Any CPU
		{2D211BD1-8A07-4F84-8537-6FCA144C87CD}.Release|iPhoneSimulator.Deploy.0 = Release|Any CPU
		{CC16E607-AC61-4E24-8C76-D082B586986F}.Debug|Any CPU.ActiveCfg = Debug|Any CPU
		{CC16E607-AC61-4E24-8C76-D082B586986F}.Debug|Any CPU.Build.0 = Debug|Any CPU
		{CC16E607-AC61-4E24-8C76-D082B586986F}.Debug|iPhone.ActiveCfg = Debug|Any CPU
		{CC16E607-AC61-4E24-8C76-D082B586986F}.Debug|iPhone.Build.0 = Debug|Any CPU
		{CC16E607-AC61-4E24-8C76-D082B586986F}.Debug|iPhoneSimulator.ActiveCfg = Debug|Any CPU
		{CC16E607-AC61-4E24-8C76-D082B586986F}.Debug|iPhoneSimulator.Build.0 = Debug|Any CPU
		{CC16E607-AC61-4E24-8C76-D082B586986F}.Release|Any CPU.ActiveCfg = Release|Any CPU
		{CC16E607-AC61-4E24-8C76-D082B586986F}.Release|Any CPU.Build.0 = Release|Any CPU
		{CC16E607-AC61-4E24-8C76-D082B586986F}.Release|iPhone.ActiveCfg = Release|Any CPU
		{CC16E607-AC61-4E24-8C76-D082B586986F}.Release|iPhone.Build.0 = Release|Any CPU
		{CC16E607-AC61-4E24-8C76-D082B586986F}.Release|iPhoneSimulator.ActiveCfg = Release|Any CPU
		{CC16E607-AC61-4E24-8C76-D082B586986F}.Release|iPhoneSimulator.Build.0 = Release|Any CPU
		{B93D98DA-2FC4-44D3-93DE-9D5D41C60816}.Debug|Any CPU.ActiveCfg = Debug|Any CPU
		{B93D98DA-2FC4-44D3-93DE-9D5D41C60816}.Debug|Any CPU.Build.0 = Debug|Any CPU
		{B93D98DA-2FC4-44D3-93DE-9D5D41C60816}.Debug|iPhone.ActiveCfg = Debug|Any CPU
		{B93D98DA-2FC4-44D3-93DE-9D5D41C60816}.Debug|iPhone.Build.0 = Debug|Any CPU
		{B93D98DA-2FC4-44D3-93DE-9D5D41C60816}.Debug|iPhoneSimulator.ActiveCfg = Debug|Any CPU
		{B93D98DA-2FC4-44D3-93DE-9D5D41C60816}.Debug|iPhoneSimulator.Build.0 = Debug|Any CPU
		{B93D98DA-2FC4-44D3-93DE-9D5D41C60816}.Release|Any CPU.ActiveCfg = Release|Any CPU
		{B93D98DA-2FC4-44D3-93DE-9D5D41C60816}.Release|Any CPU.Build.0 = Release|Any CPU
		{B93D98DA-2FC4-44D3-93DE-9D5D41C60816}.Release|iPhone.ActiveCfg = Release|Any CPU
		{B93D98DA-2FC4-44D3-93DE-9D5D41C60816}.Release|iPhone.Build.0 = Release|Any CPU
		{B93D98DA-2FC4-44D3-93DE-9D5D41C60816}.Release|iPhoneSimulator.ActiveCfg = Release|Any CPU
		{B93D98DA-2FC4-44D3-93DE-9D5D41C60816}.Release|iPhoneSimulator.Build.0 = Release|Any CPU
		{180BE9B9-1604-4938-9196-B5169A1D2E2E}.Debug|Any CPU.ActiveCfg = Debug|Any CPU
		{180BE9B9-1604-4938-9196-B5169A1D2E2E}.Debug|Any CPU.Build.0 = Debug|Any CPU
		{180BE9B9-1604-4938-9196-B5169A1D2E2E}.Debug|iPhone.ActiveCfg = Debug|Any CPU
		{180BE9B9-1604-4938-9196-B5169A1D2E2E}.Debug|iPhone.Build.0 = Debug|Any CPU
		{180BE9B9-1604-4938-9196-B5169A1D2E2E}.Debug|iPhoneSimulator.ActiveCfg = Debug|Any CPU
		{180BE9B9-1604-4938-9196-B5169A1D2E2E}.Debug|iPhoneSimulator.Build.0 = Debug|Any CPU
		{180BE9B9-1604-4938-9196-B5169A1D2E2E}.Release|Any CPU.ActiveCfg = Release|Any CPU
		{180BE9B9-1604-4938-9196-B5169A1D2E2E}.Release|Any CPU.Build.0 = Release|Any CPU
		{180BE9B9-1604-4938-9196-B5169A1D2E2E}.Release|iPhone.ActiveCfg = Release|Any CPU
		{180BE9B9-1604-4938-9196-B5169A1D2E2E}.Release|iPhone.Build.0 = Release|Any CPU
		{180BE9B9-1604-4938-9196-B5169A1D2E2E}.Release|iPhoneSimulator.ActiveCfg = Release|Any CPU
		{180BE9B9-1604-4938-9196-B5169A1D2E2E}.Release|iPhoneSimulator.Build.0 = Release|Any CPU
	EndGlobalSection
	GlobalSection(SolutionProperties) = preSolution
		HideSolutionNode = FALSE
	EndGlobalSection
	GlobalSection(NestedProjects) = preSolution
		{CC16E607-AC61-4E24-8C76-D082B586986F} = {A334D0BF-A2A0-42A1-BB22-86A0A85CCE84}
		{B93D98DA-2FC4-44D3-93DE-9D5D41C60816} = {A334D0BF-A2A0-42A1-BB22-86A0A85CCE84}
		{180BE9B9-1604-4938-9196-B5169A1D2E2E} = {FEEDBF2A-4E65-435F-982D-4B2F42EFCB68}
	EndGlobalSection
	GlobalSection(ExtensibilityGlobals) = postSolution
		SolutionGuid = {F4D51F24-0189-4464-85C3-A5578F63C78A}
	EndGlobalSection
EndGlobal
